github.com/louisroehrs/paige v0.0.0-20250122013649-e45de417c179 h1:flXvXPpBjCh6p6IqXlwjPEBwhBjEcYP3Ho3QXQH8wsA=
github.com/louisroehrs/paige v0.0.0-20250122013649-e45de417c179/go.mod h1:hjmN0clXf5IZnmkmi6p6KX04SiVHUfutd5ht5H4ySIU=
github.com/willfaught/paige v0.92.0 h1:6vW2y31Z9Kf2l0M1U56GmqXz3ldtFU66rtaA4RGqXT0=
github.com/willfaught/paige v0.92.0/go.mod h1:0Nt8ifl7UVYQIBaMtpZmg+BrQHHzFNqKcrBoA2Oo4/E=
